// !$*UTF8*$!
{
	archiveVersion = 1;
	classes = {
	};
	objectVersion = 55;
	objects = {

/* Begin PBXBuildFile section */
		A313CC992786CD4700EE9BAF /* FourthViewController.swift in Sources */ = {isa = PBXBuildFile; fileRef = A313CC982786CD4700EE9BAF /* FourthViewController.swift */; };
		A313CC9B27870E7A00EE9BAF /* FifthViewController.swift in Sources */ = {isa = PBXBuildFile; fileRef = A313CC9A27870E7A00EE9BAF /* FifthViewController.swift */; };
		A33A79172782EB6E007DF0A9 /* AppDelegate.swift in Sources */ = {isa = PBXBuildFile; fileRef = A33A79162782EB6E007DF0A9 /* AppDelegate.swift */; };
		A33A79192782EB6E007DF0A9 /* SceneDelegate.swift in Sources */ = {isa = PBXBuildFile; fileRef = A33A79182782EB6E007DF0A9 /* SceneDelegate.swift */; };
		A33A791B2782EB6E007DF0A9 /* ViewController.swift in Sources */ = {isa = PBXBuildFile; fileRef = A33A791A2782EB6E007DF0A9 /* ViewController.swift */; };
		A33A791E2782EB6E007DF0A9 /* Main.storyboard in Resources */ = {isa = PBXBuildFile; fileRef = A33A791C2782EB6E007DF0A9 /* Main.storyboard */; };
		A33A79212782EB6E007DF0A9 /* UIKitTraining.xcdatamodeld in Sources */ = {isa = PBXBuildFile; fileRef = A33A791F2782EB6E007DF0A9 /* UIKitTraining.xcdatamodeld */; };
		A33A79232782EB6F007DF0A9 /* Assets.xcassets in Resources */ = {isa = PBXBuildFile; fileRef = A33A79222782EB6F007DF0A9 /* Assets.xcassets */; };
		A33A79262782EB6F007DF0A9 /* LaunchScreen.storyboard in Resources */ = {isa = PBXBuildFile; fileRef = A33A79242782EB6F007DF0A9 /* LaunchScreen.storyboard */; };
		A33A792E27833A2F007DF0A9 /* EnemyID.mp3 in Resources */ = {isa = PBXBuildFile; fileRef = A33A792D27833A2F007DF0A9 /* EnemyID.mp3 */; };
		A3CE261F27845D960019EF18 /* SecondViewController.swift in Sources */ = {isa = PBXBuildFile; fileRef = A3CE261E27845D960019EF18 /* SecondViewController.swift */; };
		A3CE26222784A6FF0019EF18 /* ThirdViewController.swift in Sources */ = {isa = PBXBuildFile; fileRef = A3CE26212784A6FF0019EF18 /* ThirdViewController.swift */; };
/* End PBXBuildFile section */

/* Begin PBXFileReference section */
		A313CC982786CD4700EE9BAF /* FourthViewController.swift */ = {isa = PBXFileReference; lastKnownFileType = sourcecode.swift; path = FourthViewController.swift; sourceTree = "<group>"; };
		A313CC9A27870E7A00EE9BAF /* FifthViewController.swift */ = {isa = PBXFileReference; lastKnownFileType = sourcecode.swift; path = FifthViewController.swift; sourceTree = "<group>"; };
		A33A79132782EB6E007DF0A9 /* UIKitTraining.app */ = {isa = PBXFileReference; explicitFileType = wrapper.application; includeInIndex = 0; path = UIKitTraining.app; sourceTree = BUILT_PRODUCTS_DIR; };
		A33A79162782EB6E007DF0A9 /* AppDelegate.swift */ = {isa = PBXFileReference; lastKnownFileType = sourcecode.swift; path = AppDelegate.swift; sourceTree = "<group>"; };
		A33A79182782EB6E007DF0A9 /* SceneDelegate.swift */ = {isa = PBXFileReference; lastKnownFileType = sourcecode.swift; path = SceneDelegate.swift; sourceTree = "<group>"; };
		A33A791A2782EB6E007DF0A9 /* ViewController.swift */ = {isa = PBXFileReference; lastKnownFileType = sourcecode.swift; path = ViewController.swift; sourceTree = "<group>"; };
		A33A791D2782EB6E007DF0A9 /* Base */ = {isa = PBXFileReference; lastKnownFileType = file.storyboard; name = Base; path = Base.lproj/Main.storyboard; sourceTree = "<group>"; };
		A33A79202782EB6E007DF0A9 /* UIKitTraining.xcdatamodel */ = {isa = PBXFileReference; lastKnownFileType = wrapper.xcdatamodel; path = UIKitTraining.xcdatamodel; sourceTree = "<group>"; };
		A33A79222782EB6F007DF0A9 /* Assets.xcassets */ = {isa = PBXFileReference; lastKnownFileType = folder.assetcatalog; path = Assets.xcassets; sourceTree = "<group>"; };
		A33A79252782EB6F007DF0A9 /* Base */ = {isa = PBXFileReference; lastKnownFileType = file.storyboard; name = Base; path = Base.lproj/LaunchScreen.storyboard; sourceTree = "<group>"; };
		A33A79272782EB6F007DF0A9 /* Info.plist */ = {isa = PBXFileReference; lastKnownFileType = text.plist.xml; path = Info.plist; sourceTree = "<group>"; };
		A33A792D27833A2F007DF0A9 /* EnemyID.mp3 */ = {isa = PBXFileReference; lastKnownFileType = audio.mp3; name = EnemyID.mp3; path = ../../../../Downloads/EnemyID.mp3; sourceTree = "<group>"; };
		A3CE261E27845D960019EF18 /* SecondViewController.swift */ = {isa = PBXFileReference; lastKnownFileType = sourcecode.swift; path = SecondViewController.swift; sourceTree = "<group>"; };
		A3CE26212784A6FF0019EF18 /* ThirdViewController.swift */ = {isa = PBXFileReference; lastKnownFileType = sourcecode.swift; path = ThirdViewController.swift; sourceTree = "<group>"; };
/* End PBXFileReference section */

/* Begin PBXFrameworksBuildPhase section */
		A33A79102782EB6E007DF0A9 /* Frameworks */ = {
			isa = PBXFrameworksBuildPhase;
			buildActionMask = 2147483647;
			files = (
			);
			runOnlyForDeploymentPostprocessing = 0;
		};
/* End PBXFrameworksBuildPhase section */

/* Begin PBXGroup section */
		A33A790A2782EB6E007DF0A9 = {
			isa = PBXGroup;
			children = (
				A33A79152782EB6E007DF0A9 /* UIKitTraining */,
				A33A79142782EB6E007DF0A9 /* Products */,
			);
			sourceTree = "<group>";
		};
		A33A79142782EB6E007DF0A9 /* Products */ = {
			isa = PBXGroup;
			children = (
				A33A79132782EB6E007DF0A9 /* UIKitTraining.app */,
			);
			name = Products;
			sourceTree = "<group>";
		};
		A33A79152782EB6E007DF0A9 /* UIKitTraining */ = {
			isa = PBXGroup;
			children = (
				A3CE262027845DA10019EF18 /* Controllers */,
				A33A79162782EB6E007DF0A9 /* AppDelegate.swift */,
				A33A79182782EB6E007DF0A9 /* SceneDelegate.swift */,
				A33A791C2782EB6E007DF0A9 /* Main.storyboard */,
				A33A79222782EB6F007DF0A9 /* Assets.xcassets */,
				A33A792D27833A2F007DF0A9 /* EnemyID.mp3 */,
				A33A79242782EB6F007DF0A9 /* LaunchScreen.storyboard */,
				A33A79272782EB6F007DF0A9 /* Info.plist */,
				A33A791F2782EB6E007DF0A9 /* UIKitTraining.xcdatamodeld */,
			);
			path = UIKitTraining;
			sourceTree = "<group>";
		};
		A3CE262027845DA10019EF18 /* Controllers */ = {
			isa = PBXGroup;
			children = (
				A3CE261E27845D960019EF18 /* SecondViewController.swift */,
				A33A791A2782EB6E007DF0A9 /* ViewController.swift */,
				A3CE26212784A6FF0019EF18 /* ThirdViewController.swift */,
				A313CC982786CD4700EE9BAF /* FourthViewController.swift */,
				A313CC9A27870E7A00EE9BAF /* FifthViewController.swift */,
			);
			path = Controllers;
			sourceTree = "<group>";
		};
/* End PBXGroup section */

/* Begin PBXNativeTarget section */
		A33A79122782EB6E007DF0A9 /* UIKitTraining */ = {
			isa = PBXNativeTarget;
			buildConfigurationList = A33A792A2782EB6F007DF0A9 /* Build configuration list for PBXNativeTarget "UIKitTraining" */;
			buildPhases = (
				A33A790F2782EB6E007DF0A9 /* Sources */,
				A33A79102782EB6E007DF0A9 /* Frameworks */,
				A33A79112782EB6E007DF0A9 /* Resources */,
			);
			buildRules = (
			);
			dependencies = (
			);
			name = UIKitTraining;
			productName = UIKitTraining;
			productReference = A33A79132782EB6E007DF0A9 /* UIKitTraining.app */;
			productType = "com.apple.product-type.application";
		};
/* End PBXNativeTarget section */

/* Begin PBXProject section */
		A33A790B2782EB6E007DF0A9 /* Project object */ = {
			isa = PBXProject;
			attributes = {
				BuildIndependentTargetsInParallel = 1;
				LastSwiftUpdateCheck = 1320;
				LastUpgradeCheck = 1320;
				TargetAttributes = {
					A33A79122782EB6E007DF0A9 = {
						CreatedOnToolsVersion = 13.2.1;
					};
				};
			};
			buildConfigurationList = A33A790E2782EB6E007DF0A9 /* Build configuration list for PBXProject "UIKitTraining" */;
			compatibilityVersion = "Xcode 13.0";
			developmentRegion = en;
			hasScannedForEncodings = 0;
			knownRegions = (
				en,
				Base,
			);
			mainGroup = A33A790A2782EB6E007DF0A9;
			productRefGroup = A33A79142782EB6E007DF0A9 /* Products */;
			projectDirPath = "";
			projectRoot = "";
			targets = (
				A33A79122782EB6E007DF0A9 /* UIKitTraining */,
			);
		};
/* End PBXProject section */

/* Begin PBXResourcesBuildPhase section */
		A33A79112782EB6E007DF0A9 /* Resources */ = {
			isa = PBXResourcesBuildPhase;
			buildActionMask = 2147483647;
			files = (
				A33A792E27833A2F007DF0A9 /* EnemyID.mp3 in Resources */,
				A33A79262782EB6F007DF0A9 /* LaunchScreen.storyboard in Resources */,
				A33A79232782EB6F007DF0A9 /* Assets.xcassets in Resources */,
				A33A791E2782EB6E007DF0A9 /* Main.storyboard in Resources */,
			);
			runOnlyForDeploymentPostprocessing = 0;
		};
/* End PBXResourcesBuildPhase section */

/* Begin PBXSourcesBuildPhase section */
		A33A790F2782EB6E007DF0A9 /* Sources */ = {
			isa = PBXSourcesBuildPhase;
			buildActionMask = 2147483647;
			files = (
				A33A79212782EB6E007DF0A9 /* UIKitTraining.xcdatamodeld in Sources */,
				A33A791B2782EB6E007DF0A9 /* ViewController.swift in Sources */,
				A33A79172782EB6E007DF0A9 /* AppDelegate.swift in Sources */,
				A313CC992786CD4700EE9BAF /* FourthViewController.swift in Sources */,
				A313CC9B27870E7A00EE9BAF /* FifthViewController.swift in Sources */,
				A3CE261F27845D960019EF18 /* SecondViewController.swift in Sources */,
				A3CE26222784A6FF0019EF18 /* ThirdViewController.swift in Sources */,
				A33A79192782EB6E007DF0A9 /* SceneDelegate.swift in Sources */,
			);
			runOnlyForDeploymentPostprocessing = 0;
		};
/* End PBXSourcesBuildPhase section */

/* Begin PBXVariantGroup section */
		A33A791C2782EB6E007DF0A9 /* Main.storyboard */ = {
			isa = PBXVariantGroup;
			children = (
				A33A791D2782EB6E007DF0A9 /* Base */,
			);
			name = Main.storyboard;
			sourceTree = "<group>";
		};
		A33A79242782EB6F007DF0A9 /* LaunchScreen.storyboard */ = {
			isa = PBXVariantGroup;
			children = (
				A33A79252782EB6F007DF0A9 /* Base */,
			);
			name = LaunchScreen.storyboard;
			sourceTree = "<group>";
		};
/* End PBXVariantGroup section */

/* Begin XCBuildConfiguration section */
		A33A79282782EB6F007DF0A9 /* Debug */ = {
			isa = XCBuildConfiguration;
			buildSettings = {
				ALWAYS_SEARCH_USER_PATHS = NO;
				CLANG_ANALYZER_NONNULL = YES;
				CLANG_ANALYZER_NUMBER_OBJECT_CONVERSION = YES_AGGRESSIVE;
				CLANG_CXX_LANGUAGE_STANDARD = "gnu++17";
				CLANG_CXX_LIBRARY = "libc++";
				CLANG_ENABLE_MODULES = YES;
				CLANG_ENABLE_OBJC_ARC = YES;
				CLANG_ENABLE_OBJC_WEAK = YES;
				CLANG_WARN_BLOCK_CAPTURE_AUTORELEASING = YES;
				CLANG_WARN_BOOL_CONVERSION = YES;
				CLANG_WARN_COMMA = YES;
				CLANG_WARN_CONSTANT_CONVERSION = YES;
				CLANG_WARN_DEPRECATED_OBJC_IMPLEMENTATIONS = YES;
				CLANG_WARN_DIRECT_OBJC_ISA_USAGE = YES_ERROR;
				CLANG_WARN_DOCUMENTATION_COMMENTS = YES;
				CLANG_WARN_EMPTY_BODY = YES;
				CLANG_WARN_ENUM_CONVERSION = YES;
				CLANG_WARN_INFINITE_RECURSION = YES;
				CLANG_WARN_INT_CONVERSION = YES;
				CLANG_WARN_NON_LITERAL_NULL_CONVERSION = YES;
				CLANG_WARN_OBJC_IMPLICIT_RETAIN_SELF = YES;
				CLANG_WARN_OBJC_LITERAL_CONVERSION = YES;
				CLANG_WARN_OBJC_ROOT_CLASS = YES_ERROR;
				CLANG_WARN_QUOTED_INCLUDE_IN_FRAMEWORK_HEADER = YES;
				CLANG_WARN_RANGE_LOOP_ANALYSIS = YES;
				CLANG_WARN_STRICT_PROTOTYPES = YES;
				CLANG_WARN_SUSPICIOUS_MOVE = YES;
				CLANG_WARN_UNGUARDED_AVAILABILITY = YES_AGGRESSIVE;
				CLANG_WARN_UNREACHABLE_CODE = YES;
				CLANG_WARN__DUPLICATE_METHOD_MATCH = YES;
				COPY_PHASE_STRIP = NO;
				DEBUG_INFORMATION_FORMAT = dwarf;
				ENABLE_STRICT_OBJC_MSGSEND = YES;
				ENABLE_TESTABILITY = YES;
				GCC_C_LANGUAGE_STANDARD = gnu11;
				GCC_DYNAMIC_NO_PIC = NO;
				GCC_NO_COMMON_BLOCKS = YES;
				GCC_OPTIMIZATION_LEVEL = 0;
				GCC_PREPROCESSOR_DEFINITIONS = (
					"DEBUG=1",
					"$(inherited)",
				);
				GCC_WARN_64_TO_32_BIT_CONVERSION = YES;
				GCC_WARN_ABOUT_RETURN_TYPE = YES_ERROR;
				GCC_WARN_UNDECLARED_SELECTOR = YES;
				GCC_WARN_UNINITIALIZED_AUTOS = YES_AGGRESSIVE;
				GCC_WARN_UNUSED_FUNCTION = YES;
				GCC_WARN_UNUSED_VARIABLE = YES;
				IPHONEOS_DEPLOYMENT_TARGET = 15.2;
				MTL_ENABLE_DEBUG_INFO = INCLUDE_SOURCE;
				MTL_FAST_MATH = YES;
				ONLY_ACTIVE_ARCH = YES;
				SDKROOT = iphoneos;
				SWIFT_ACTIVE_COMPILATION_CONDITIONS = DEBUG;
				SWIFT_OPTIMIZATION_LEVEL = "-Onone";
			};
			name = Debug;
		};
		A33A79292782EB6F007DF0A9 /* Release */ = {
			isa = XCBuildConfiguration;
			buildSettings = {
				ALWAYS_SEARCH_USER_PATHS = NO;
				CLANG_ANALYZER_NONNULL = YES;
				CLANG_ANALYZER_NUMBER_OBJECT_CONVERSION = YES_AGGRESSIVE;
				CLANG_CXX_LANGUAGE_STANDARD = "gnu++17";
				CLANG_CXX_LIBRARY = "libc++";
				CLANG_ENABLE_MODULES = YES;
				CLANG_ENABLE_OBJC_ARC = YES;
				CLANG_ENABLE_OBJC_WEAK = YES;
				CLANG_WARN_BLOCK_CAPTURE_AUTORELEASING = YES;
				CLANG_WARN_BOOL_CONVERSION = YES;
				CLANG_WARN_COMMA = YES;
				CLANG_WARN_CONSTANT_CONVERSION = YES;
				CLANG_WARN_DEPRECATED_OBJC_IMPLEMENTATIONS = YES;
				CLANG_WARN_DIRECT_OBJC_ISA_USAGE = YES_ERROR;
				CLANG_WARN_DOCUMENTATION_COMMENTS = YES;
				CLANG_WARN_EMPTY_BODY = YES;
				CLANG_WARN_ENUM_CONVERSION = YES;
				CLANG_WARN_INFINITE_RECURSION = YES;
				CLANG_WARN_INT_CONVERSION = YES;
				CLANG_WARN_NON_LITERAL_NULL_CONVERSION = YES;
				CLANG_WARN_OBJC_IMPLICIT_RETAIN_SELF = YES;
				CLANG_WARN_OBJC_LITERAL_CONVERSION = YES;
				CLANG_WARN_OBJC_ROOT_CLASS = YES_ERROR;
				CLANG_WARN_QUOTED_INCLUDE_IN_FRAMEWORK_HEADER = YES;
				CLANG_WARN_RANGE_LOOP_ANALYSIS = YES;
				CLANG_WARN_STRICT_PROTOTYPES = YES;
				CLANG_WARN_SUSPICIOUS_MOVE = YES;
				CLANG_WARN_UNGUARDED_AVAILABILITY = YES_AGGRESSIVE;
				CLANG_WARN_UNREACHABLE_CODE = YES;
				CLANG_WARN__DUPLICATE_METHOD_MATCH = YES;
				COPY_PHASE_STRIP = NO;
				DEBUG_INFORMATION_FORMAT = "dwarf-with-dsym";
				ENABLE_NS_ASSERTIONS = NO;
				ENABLE_STRICT_OBJC_MSGSEND = YES;
				GCC_C_LANGUAGE_STANDARD = gnu11;
				GCC_NO_COMMON_BLOCKS = YES;
				GCC_WARN_64_TO_32_BIT_CONVERSION = YES;
				GCC_WARN_ABOUT_RETURN_TYPE = YES_ERROR;
				GCC_WARN_UNDECLARED_SELECTOR = YES;
				GCC_WARN_UNINITIALIZED_AUTOS = YES_AGGRESSIVE;
				GCC_WARN_UNUSED_FUNCTION = YES;
				GCC_WARN_UNUSED_VARIABLE = YES;
				IPHONEOS_DEPLOYMENT_TARGET = 15.2;
				MTL_ENABLE_DEBUG_INFO = NO;
				MTL_FAST_MATH = YES;
				SDKROOT = iphoneos;
				SWIFT_COMPILATION_MODE = wholemodule;
				SWIFT_OPTIMIZATION_LEVEL = "-O";
				VALIDATE_PRODUCT = YES;
			};
			name = Release;
		};
		A33A792B2782EB6F007DF0A9 /* Debug */ = {
			isa = XCBuildConfiguration;
			buildSettings = {
				ASSETCATALOG_COMPILER_APPICON_NAME = AppIcon;
				ASSETCATALOG_COMPILER_GLOBAL_ACCENT_COLOR_NAME = AccentColor;
				CODE_SIGN_STYLE = Automatic;
				CURRENT_PROJECT_VERSION = 1;
				DEVELOPMENT_TEAM = 44XPNUG6JL;
				GENERATE_INFOPLIST_FILE = YES;
				INFOPLIST_FILE = UIKitTraining/Info.plist;
				INFOPLIST_KEY_UIApplicationSupportsIndirectInputEvents = YES;
				INFOPLIST_KEY_UILaunchStoryboardName = LaunchScreen;
				INFOPLIST_KEY_UIMainStoryboardFile = Main;
				INFOPLIST_KEY_UISupportedInterfaceOrientations_iPad = "UIInterfaceOrientationPortrait UIInterfaceOrientationPortraitUpsideDown UIInterfaceOrientationLandscapeLeft UIInterfaceOrientationLandscapeRight";
				INFOPLIST_KEY_UISupportedInterfaceOrientations_iPhone = "UIInterfaceOrientationPortrait UIInterfaceOrientationLandscapeLeft UIInterfaceOrientationLandscapeRight";
				LD_RUNPATH_SEARCH_PATHS = (
					"$(inherited)",
					"@executable_path/Frameworks",
				);
				MARKETING_VERSION = 1.0;
				PRODUCT_BUNDLE_IDENTIFIER = eugene.UIKitTraining;
				PRODUCT_NAME = "$(TARGET_NAME)";
				SWIFT_EMIT_LOC_STRINGS = YES;
				SWIFT_VERSION = 5.0;
				TARGETED_DEVICE_FAMILY = "1,2";
			};
			name = Debug;
		};
		A33A792C2782EB6F007DF0A9 /* Release */ = {
			isa = XCBuildConfiguration;
			buildSettings = {
				ASSETCATALOG_COMPILER_APPICON_NAME = AppIcon;
				ASSETCATALOG_COMPILER_GLOBAL_ACCENT_COLOR_NAME = AccentColor;
				CODE_SIGN_STYLE = Automatic;
				CURRENT_PROJECT_VERSION = 1;
				DEVELOPMENT_TEAM = 44XPNUG6JL;
				GENERATE_INFOPLIST_FILE = YES;
				INFOPLIST_FILE = UIKitTraining/Info.plist;
				INFOPLIST_KEY_UIApplicationSupportsIndirectInputEvents = YES;
				INFOPLIST_KEY_UILaunchStoryboardName = LaunchScreen;
				INFOPLIST_KEY_UIMainStoryboardFile = Main;
				INFOPLIST_KEY_UISupportedInterfaceOrientations_iPad = "UIInterfaceOrientationPortrait UIInterfaceOrientationPortraitUpsideDown UIInterfaceOrientationLandscapeLeft UIInterfaceOrientationLandscapeRight";
				INFOPLIST_KEY_UISupportedInterfaceOrientations_iPhone = "UIInterfaceOrientationPortrait UIInterfaceOrientationLandscapeLeft UIInterfaceOrientationLandscapeRight";
				LD_RUNPATH_SEARCH_PATHS = (
					"$(inherited)",
					"@executable_path/Frameworks",
				);
				MARKETING_VERSION = 1.0;
				PRODUCT_BUNDLE_IDENTIFIER = eugene.UIKitTraining;
				PRODUCT_NAME = "$(TARGET_NAME)";
				SWIFT_EMIT_LOC_STRINGS = YES;
				SWIFT_VERSION = 5.0;
				TARGETED_DEVICE_FAMILY = "1,2";
			};
			name = Release;
		};
/* End XCBuildConfiguration section */

/* Begin XCConfigurationList section */
		A33A790E2782EB6E007DF0A9 /* Build configuration list for PBXProject "UIKitTraining" */ = {
			isa = XCConfigurationList;
			buildConfigurations = (
				A33A79282782EB6F007DF0A9 /* Debug */,
				A33A79292782EB6F007DF0A9 /* Release */,
			);
			defaultConfigurationIsVisible = 0;
			defaultConfigurationName = Release;
		};
		A33A792A2782EB6F007DF0A9 /* Build configuration list for PBXNativeTarget "UIKitTraining" */ = {
			isa = XCConfigurationList;
			buildConfigurations = (
				A33A792B2782EB6F007DF0A9 /* Debug */,
				A33A792C2782EB6F007DF0A9 /* Release */,
			);
			defaultConfigurationIsVisible = 0;
			defaultConfigurationName = Release;
		};
/* End XCConfigurationList section */

/* Begin XCVersionGroup section */
		A33A791F2782EB6E007DF0A9 /* UIKitTraining.xcdatamodeld */ = {
			isa = XCVersionGroup;
			children = (
				A33A79202782EB6E007DF0A9 /* UIKitTraining.xcdatamodel */,
			);
			currentVersion = A33A79202782EB6E007DF0A9 /* UIKitTraining.xcdatamodel */;
			path = UIKitTraining.xcdatamodeld;
			sourceTree = "<group>";
			versionGroupType = wrapper.xcdatamodel;
		};
/* End XCVersionGroup section */
	};
	rootObject = A33A790B2782EB6E007DF0A9 /* Project object */;
}
